
Microsoft Visual Studio Solution File, Format Version 12.00
# Visual Studio Version 16
VisualStudioVersion = 16.0.31702.278
MinimumVisualStudioVersion = 10.0.40219.1
Project("{8BC9CEB8-8B4A-11D0-8D11-00A0C91BC942}") = "More pointers(REFERENCES)", "More pointers(REFERENCES).vcxproj", "{AD8E410E-7BB1-4637-B6BE-B83D0EE67030}"
EndProject
Global
	GlobalSection(SolutionConfigurationPlatforms) = preSolution
		Debug|x64 = Debug|x64
		Debug|x86 = Debug|x86
		Release|x64 = Release|x64
		Release|x86 = Release|x86
	EndGlobalSection
	GlobalSection(ProjectConfigurationPlatforms) = postSolution
		{AD8E410E-7BB1-4637-B6BE-B83D0EE67030}.Debug|x64.ActiveCfg = Debug|x64
		{AD8E410E-7BB1-4637-B6BE-B83D0EE67030}.Debug|x64.Build.0 = Debug|x64
		{AD8E410E-7BB1-4637-B6BE-B83D0EE67030}.Debug|x86.ActiveCfg = Debug|Win32
		{AD8E410E-7BB1-4637-B6BE-B83D0EE67030}.Debug|x86.Build.0 = Debug|Win32
		{AD8E410E-7BB1-4637-B6BE-B83D0EE67030}.Release|x64.ActiveCfg = Release|x64
		{AD8E410E-7BB1-4637-B6BE-B83D0EE67030}.Release|x64.Build.0 = Release|x64
		{AD8E410E-7BB1-4637-B6BE-B83D0EE67030}.Release|x86.ActiveCfg = Release|Win32
		{AD8E410E-7BB1-4637-B6BE-B83D0EE67030}.Release|x86.Build.0 = Release|Win32
	EndGlobalSection
	GlobalSection(SolutionProperties) = preSolution
		HideSolutionNode = FALSE
	EndGlobalSection
	GlobalSection(ExtensibilityGlobals) = postSolution
		SolutionGuid = {DAF3AA84-117C-468A-94D9-93ECFE4EF9E7}
	EndGlobalSection
EndGlobal
